{
  "version": 2,
  "dependencies": {
    "net10.0": {
      "Newtonsoft.Json": {
        "type": "Direct",
        "requested": "[13.0.4, )",
        "resolved": "13.0.4",
        "contentHash": "pdgNNMai3zv51W5aq268sujXUyx7SNdE2bj1wZcWjAQrKMFZV260lbqYop1d2GM67JI1huLRwxo9ZqnfF/lC6A=="
      },
      "SourceLink.Copy.PdbFiles": {
        "type": "Direct",
        "requested": "[2.8.3, )",
        "resolved": "2.8.3",
        "contentHash": "cxlw1QHd/J7lOtSZ45VZMOsF/YSOlwZy0fCkauo9Ib9vOv+zGzjm9q3D8qGyMII0Zz1GSmli/oxhmUNuYUpc1g=="
      },
      "SourceLink.Embed.AllSourceFiles": {
        "type": "Direct",
        "requested": "[2.8.3, )",
        "resolved": "2.8.3",
        "contentHash": "Hv77AfKNDqSUH6MSGW1ZwKWFJ/CNKOe4FD6lpJGNYdSSQeEEsE2KyPlG1IgzA8+CJG8lDQV2vLS4OljHtHohsw=="
      },
      "Swashbuckle.AspNetCore.Filters.Abstractions": {
        "type": "Direct",
        "requested": "[10.0.1, )",
        "resolved": "10.0.1",
        "contentHash": "YTOZBnL/STbpkSGldDnvhtW0ci4h3deRXn7zfhN3dA+Xck/jdteIGxthiRfnEfNtTICPkBxRRzd9U6KKSPmNpA==",
        "dependencies": {
          "Swashbuckle.AspNetCore.SwaggerGen": "10.0.0"
        }
      },
      "Microsoft.OpenApi": {
        "type": "Transitive",
        "resolved": "2.3.0",
        "contentHash": "5RZpjyt0JMmoc/aEgY9c1vE5pusdDGvkPl9qKIy9KFbRiIXD+w7gBJxX+unSjzzOcfgRoYxnO4okZyqDAL2WEw=="
      },
      "Swashbuckle.AspNetCore.Swagger": {
        "type": "CentralTransitive",
        "requested": "[10.2.3, )",
        "resolved": "10.0.0",
        "contentHash": "X1GSq/Eh4FX58Jf7fjUyJLUoMh10jXv4VmT/BUqDAgKIkpo+UuL/SwGOZI+U8XiLFOxpAv4lGR0kFLVPs0wUIA==",
        "dependencies": {
          "Microsoft.OpenApi": "2.3.0"
        }
      },
      "Swashbuckle.AspNetCore.SwaggerGen": {
        "type": "CentralTransitive",
        "requested": "[10.2.3, )",
        "resolved": "10.0.0",
        "contentHash": "B8C0JC1Iknubtslov37ZvDW9w53X9IQ05UFxXxJB41ZH8cwmzWTZnAXyvqeToJ/yZNfjdCOtKdwTSGiNkQvVuA==",
        "dependencies": {
          "Swashbuckle.AspNetCore.Swagger": "10.0.0"
        }
      }
    },
    "net10.0/linux-arm64": {},
    "net10.0/linux-x64": {},
    "net10.0/win-x64": {}
  }
}